{
  "originHash" : "ebfb5f74e7f694616e3a60a1973ab6f995b4e44f23dbfdc92685a35c3e9d5578",
  "pins" : [
    {
      "identity" : "swift-atomics",
      "kind" : "remoteSourceControl",
      "location" : "https://github.com/apple/swift-atomics.git",
      "state" : {
        "branch" : "main",
        "revision" : "53d9464c12660a7b971ce14351bd3f3882005ca5"
      }
    },
    {
      "identity" : "swift-syntax",
      "kind" : "remoteSourceControl",
      "location" : "https://github.com/swiftlang/swift-syntax.git",
      "state" : {
        "revision" : "0687f71944021d616d34d922343dcef086855920",
        "version" : "600.0.1"
      }
    },
    {
      "identity" : "swift-testing",
      "kind" : "remoteSourceControl",
      "location" : "https://github.com/swiftlang/swift-testing.git",
      "state" : {
        "branch" : "main",
        "revision" : "b4420784c972c96a34b70cf566395d16b9f00900"
      }
    }
  ],
  "version" : 3
}
