{
  "originHash" : "bedbb3a703d861947566a2ccd2c3d9a3386c0f5bcfd20544c66e026b7a657fb1",
  "pins" : [
    {
      "identity" : "swift-syntax",
      "kind" : "remoteSourceControl",
      "location" : "https://github.com/apple/swift-syntax.git",
      "state" : {
        "revision" : "06b5cdc432e93b60e3bdf53aff2857c6b312991a",
        "version" : "600.0.0-prerelease-2024-07-30"
      }
    }
  ],
  "version" : 3
}
